
Microsoft Visual Studio Solution File, Format Version 12.00
# Visual Studio Version 17
VisualStudioVersion = 17.8.34330.188
MinimumVisualStudioVersion = 10.0.40219.1
Project("{FAE04EC0-301F-11D3-BF4B-00C04F79EFBC}") = "ToDoList", "ToDoList\ToDoList.csproj", "{55CB6292-FDD2-489F-BE74-9D3C2DDA56E2}"
EndProject
Global
	GlobalSection(SolutionConfigurationPlatforms) = preSolution
		Debug|Any CPU = Debug|Any CPU
		Release|Any CPU = Release|Any CPU
	EndGlobalSection
	GlobalSection(ProjectConfigurationPlatforms) = postSolution
		{55CB6292-FDD2-489F-BE74-9D3C2DDA56E2}.Debug|Any CPU.ActiveCfg = Debug|Any CPU
		{55CB6292-FDD2-489F-BE74-9D3C2DDA56E2}.Debug|Any CPU.Build.0 = Debug|Any CPU
		{55CB6292-FDD2-489F-BE74-9D3C2DDA56E2}.Release|Any CPU.ActiveCfg = Release|Any CPU
		{55CB6292-FDD2-489F-BE74-9D3C2DDA56E2}.Release|Any CPU.Build.0 = Release|Any CPU
	EndGlobalSection
	GlobalSection(SolutionProperties) = preSolution
		HideSolutionNode = FALSE
	EndGlobalSection
	GlobalSection(ExtensibilityGlobals) = postSolution
		SolutionGuid = {8FE4CEAD-28A4-4CA1-B8B1-6F9E7965F73A}
	EndGlobalSection
EndGlobal
